
Microsoft Visual Studio Solution File, Format Version 12.00
# Visual Studio Version 17
VisualStudioVersion = 17.0.32112.339
MinimumVisualStudioVersion = 10.0.40219.1
Project("{FAE04EC0-301F-11D3-BF4B-00C04F79EFBC}") = "Ejercicio3", "Ejercicio3\Ejercicio3.csproj", "{64FECDDF-31F3-49EE-B5B1-EAC0596220EB}"
EndProject
Project("{FAE04EC0-301F-11D3-BF4B-00C04F79EFBC}") = "Datos", "Datos\Datos.csproj", "{C3AFF7DB-56B9-46EC-ADE4-E9A4186A6C68}"
EndProject
Global
	GlobalSection(SolutionConfigurationPlatforms) = preSolution
		Debug|Any CPU = Debug|Any CPU
		Release|Any CPU = Release|Any CPU
	EndGlobalSection
	GlobalSection(ProjectConfigurationPlatforms) = postSolution
		{64FECDDF-31F3-49EE-B5B1-EAC0596220EB}.Debug|Any CPU.ActiveCfg = Debug|Any CPU
		{64FECDDF-31F3-49EE-B5B1-EAC0596220EB}.Debug|Any CPU.Build.0 = Debug|Any CPU
		{64FECDDF-31F3-49EE-B5B1-EAC0596220EB}.Release|Any CPU.ActiveCfg = Release|Any CPU
		{64FECDDF-31F3-49EE-B5B1-EAC0596220EB}.Release|Any CPU.Build.0 = Release|Any CPU
		{C3AFF7DB-56B9-46EC-ADE4-E9A4186A6C68}.Debug|Any CPU.ActiveCfg = Debug|Any CPU
		{C3AFF7DB-56B9-46EC-ADE4-E9A4186A6C68}.Debug|Any CPU.Build.0 = Debug|Any CPU
		{C3AFF7DB-56B9-46EC-ADE4-E9A4186A6C68}.Release|Any CPU.ActiveCfg = Release|Any CPU
		{C3AFF7DB-56B9-46EC-ADE4-E9A4186A6C68}.Release|Any CPU.Build.0 = Release|Any CPU
	EndGlobalSection
	GlobalSection(SolutionProperties) = preSolution
		HideSolutionNode = FALSE
	EndGlobalSection
	GlobalSection(ExtensibilityGlobals) = postSolution
		SolutionGuid = {52BAE2B8-9AAE-4B3D-A4E1-F803F3B8027A}
	EndGlobalSection
EndGlobal
